
Microsoft Visual Studio Solution File, Format Version 12.00
# Visual Studio Version 17
VisualStudioVersion = 17.11.35327.3
MinimumVisualStudioVersion = 10.0.40219.1
Project("{FAE04EC0-301F-11D3-BF4B-00C04F79EFBC}") = "Pract15", "Pract15.csproj", "{780E0847-798A-4FFD-BDB1-17065B286467}"
EndProject
Global
	GlobalSection(SolutionConfigurationPlatforms) = preSolution
		Debug|Any CPU = Debug|Any CPU
		Release|Any CPU = Release|Any CPU
	EndGlobalSection
	GlobalSection(ProjectConfigurationPlatforms) = postSolution
		{780E0847-798A-4FFD-BDB1-17065B286467}.Debug|Any CPU.ActiveCfg = Debug|Any CPU
		{780E0847-798A-4FFD-BDB1-17065B286467}.Debug|Any CPU.Build.0 = Debug|Any CPU
		{780E0847-798A-4FFD-BDB1-17065B286467}.Release|Any CPU.ActiveCfg = Release|Any CPU
		{780E0847-798A-4FFD-BDB1-17065B286467}.Release|Any CPU.Build.0 = Release|Any CPU
	EndGlobalSection
	GlobalSection(SolutionProperties) = preSolution
		HideSolutionNode = FALSE
	EndGlobalSection
	GlobalSection(ExtensibilityGlobals) = postSolution
		SolutionGuid = {C6A1EE63-4A34-47B0-8A95-4FE7F142DA26}
	EndGlobalSection
EndGlobal
